// !$*UTF8*$!
{
	archiveVersion = 1;
	classes = {
	};
	objectVersion = 50;
	objects = {

/* Begin PBXBuildFile section */
		3D052F92232ADC1E004DCBED /* AppDelegate.swift in Sources */ = {isa = PBXBuildFile; fileRef = 3D052F91232ADC1E004DCBED /* AppDelegate.swift */; };
		3D052F94232ADC1E004DCBED /* StateMachineVC.swift in Sources */ = {isa = PBXBuildFile; fileRef = 3D052F93232ADC1E004DCBED /* StateMachineVC.swift */; };
		3D052F97232ADC1E004DCBED /* Main.storyboard in Resources */ = {isa = PBXBuildFile; fileRef = 3D052F95232ADC1E004DCBED /* Main.storyboard */; };
		3D052F99232ADC1F004DCBED /* Assets.xcassets in Resources */ = {isa = PBXBuildFile; fileRef = 3D052F98232ADC1F004DCBED /* Assets.xcassets */; };
		3D052F9C232ADC1F004DCBED /* LaunchScreen.storyboard in Resources */ = {isa = PBXBuildFile; fileRef = 3D052F9A232ADC1F004DCBED /* LaunchScreen.storyboard */; };
		3D052FA6232B00C0004DCBED /* YellowLightChildVC.swift in Sources */ = {isa = PBXBuildFile; fileRef = 3D052FA5232B00C0004DCBED /* YellowLightChildVC.swift */; };
		3D052FA8232B00D2004DCBED /* RedLightChildVC.swift in Sources */ = {isa = PBXBuildFile; fileRef = 3D052FA7232B00D2004DCBED /* RedLightChildVC.swift */; };
		3D052FAC232B699B004DCBED /* GreenLightChildVC.swift in Sources */ = {isa = PBXBuildFile; fileRef = 3D052FAB232B699A004DCBED /* GreenLightChildVC.swift */; };
/* End PBXBuildFile section */

/* Begin PBXFileReference section */
		3D052F8E232ADC1E004DCBED /* State Machine ChildViewControllers.app */ = {isa = PBXFileReference; explicitFileType = wrapper.application; includeInIndex = 0; path = "State Machine ChildViewControllers.app"; sourceTree = BUILT_PRODUCTS_DIR; };
		3D052F91232ADC1E004DCBED /* AppDelegate.swift */ = {isa = PBXFileReference; lastKnownFileType = sourcecode.swift; path = AppDelegate.swift; sourceTree = "<group>"; };
		3D052F93232ADC1E004DCBED /* StateMachineVC.swift */ = {isa = PBXFileReference; lastKnownFileType = sourcecode.swift; path = StateMachineVC.swift; sourceTree = "<group>"; };
		3D052F96232ADC1E004DCBED /* Base */ = {isa = PBXFileReference; lastKnownFileType = file.storyboard; name = Base; path = Base.lproj/Main.storyboard; sourceTree = "<group>"; };
		3D052F98232ADC1F004DCBED /* Assets.xcassets */ = {isa = PBXFileReference; lastKnownFileType = folder.assetcatalog; path = Assets.xcassets; sourceTree = "<group>"; };
		3D052F9B232ADC1F004DCBED /* Base */ = {isa = PBXFileReference; lastKnownFileType = file.storyboard; name = Base; path = Base.lproj/LaunchScreen.storyboard; sourceTree = "<group>"; };
		3D052F9D232ADC1F004DCBED /* Info.plist */ = {isa = PBXFileReference; lastKnownFileType = text.plist.xml; path = Info.plist; sourceTree = "<group>"; };
		3D052FA5232B00C0004DCBED /* YellowLightChildVC.swift */ = {isa = PBXFileReference; lastKnownFileType = sourcecode.swift; path = YellowLightChildVC.swift; sourceTree = "<group>"; };
		3D052FA7232B00D2004DCBED /* RedLightChildVC.swift */ = {isa = PBXFileReference; lastKnownFileType = sourcecode.swift; path = RedLightChildVC.swift; sourceTree = "<group>"; };
		3D052FAB232B699A004DCBED /* GreenLightChildVC.swift */ = {isa = PBXFileReference; fileEncoding = 4; lastKnownFileType = sourcecode.swift; path = GreenLightChildVC.swift; sourceTree = "<group>"; };
/* End PBXFileReference section */

/* Begin PBXFrameworksBuildPhase section */
		3D052F8B232ADC1E004DCBED /* Frameworks */ = {
			isa = PBXFrameworksBuildPhase;
			buildActionMask = 2147483647;
			files = (
			);
			runOnlyForDeploymentPostprocessing = 0;
		};
/* End PBXFrameworksBuildPhase section */

/* Begin PBXGroup section */
		3D052F85232ADC1E004DCBED = {
			isa = PBXGroup;
			children = (
				3D052F90232ADC1E004DCBED /* State Machine ChildViewControllers */,
				3D052F8F232ADC1E004DCBED /* Products */,
			);
			sourceTree = "<group>";
		};
		3D052F8F232ADC1E004DCBED /* Products */ = {
			isa = PBXGroup;
			children = (
				3D052F8E232ADC1E004DCBED /* State Machine ChildViewControllers.app */,
			);
			name = Products;
			sourceTree = "<group>";
		};
		3D052F90232ADC1E004DCBED /* State Machine ChildViewControllers */ = {
			isa = PBXGroup;
			children = (
				3D052FAD232B7378004DCBED /* ChildViewControllers */,
				3D052F91232ADC1E004DCBED /* AppDelegate.swift */,
				3D052F93232ADC1E004DCBED /* StateMachineVC.swift */,
				3D052F95232ADC1E004DCBED /* Main.storyboard */,
				3D052F98232ADC1F004DCBED /* Assets.xcassets */,
				3D052F9A232ADC1F004DCBED /* LaunchScreen.storyboard */,
				3D052F9D232ADC1F004DCBED /* Info.plist */,
			);
			path = "State Machine ChildViewControllers";
			sourceTree = "<group>";
		};
		3D052FAD232B7378004DCBED /* ChildViewControllers */ = {
			isa = PBXGroup;
			children = (
				3D052FAB232B699A004DCBED /* GreenLightChildVC.swift */,
				3D052FA5232B00C0004DCBED /* YellowLightChildVC.swift */,
				3D052FA7232B00D2004DCBED /* RedLightChildVC.swift */,
			);
			path = ChildViewControllers;
			sourceTree = "<group>";
		};
/* End PBXGroup section */

/* Begin PBXNativeTarget section */
		3D052F8D232ADC1E004DCBED /* State Machine ChildViewControllers */ = {
			isa = PBXNativeTarget;
			buildConfigurationList = 3D052FA0232ADC1F004DCBED /* Build configuration list for PBXNativeTarget "State Machine ChildViewControllers" */;
			buildPhases = (
				3D052F8A232ADC1E004DCBED /* Sources */,
				3D052F8B232ADC1E004DCBED /* Frameworks */,
				3D052F8C232ADC1E004DCBED /* Resources */,
			);
			buildRules = (
			);
			dependencies = (
			);
			name = "State Machine ChildViewControllers";
			productName = "State Machine ChildViewControllers";
			productReference = 3D052F8E232ADC1E004DCBED /* State Machine ChildViewControllers.app */;
			productType = "com.apple.product-type.application";
		};
/* End PBXNativeTarget section */

/* Begin PBXProject section */
		3D052F86232ADC1E004DCBED /* Project object */ = {
			isa = PBXProject;
			attributes = {
				LastSwiftUpdateCheck = 1020;
				LastUpgradeCheck = 1020;
				ORGANIZATIONNAME = selfiestation;
				TargetAttributes = {
					3D052F8D232ADC1E004DCBED = {
						CreatedOnToolsVersion = 10.2.1;
					};
				};
			};
			buildConfigurationList = 3D052F89232ADC1E004DCBED /* Build configuration list for PBXProject "State Machine ChildViewControllers" */;
			compatibilityVersion = "Xcode 9.3";
			developmentRegion = en;
			hasScannedForEncodings = 0;
			knownRegions = (
				en,
				Base,
			);
			mainGroup = 3D052F85232ADC1E004DCBED;
			productRefGroup = 3D052F8F232ADC1E004DCBED /* Products */;
			projectDirPath = "";
			projectRoot = "";
			targets = (
				3D052F8D232ADC1E004DCBED /* State Machine ChildViewControllers */,
			);
		};
/* End PBXProject section */

/* Begin PBXResourcesBuildPhase section */
		3D052F8C232ADC1E004DCBED /* Resources */ = {
			isa = PBXResourcesBuildPhase;
			buildActionMask = 2147483647;
			files = (
				3D052F9C232ADC1F004DCBED /* LaunchScreen.storyboard in Resources */,
				3D052F99232ADC1F004DCBED /* Assets.xcassets in Resources */,
				3D052F97232ADC1E004DCBED /* Main.storyboard in Resources */,
			);
			runOnlyForDeploymentPostprocessing = 0;
		};
/* End PBXResourcesBuildPhase section */

/* Begin PBXSourcesBuildPhase section */
		3D052F8A232ADC1E004DCBED /* Sources */ = {
			isa = PBXSourcesBuildPhase;
			buildActionMask = 2147483647;
			files = (
				3D052FA8232B00D2004DCBED /* RedLightChildVC.swift in Sources */,
				3D052FAC232B699B004DCBED /* GreenLightChildVC.swift in Sources */,
				3D052FA6232B00C0004DCBED /* YellowLightChildVC.swift in Sources */,
				3D052F94232ADC1E004DCBED /* StateMachineVC.swift in Sources */,
				3D052F92232ADC1E004DCBED /* AppDelegate.swift in Sources */,
			);
			runOnlyForDeploymentPostprocessing = 0;
		};
/* End PBXSourcesBuildPhase section */

/* Begin PBXVariantGroup section */
		3D052F95232ADC1E004DCBED /* Main.storyboard */ = {
			isa = PBXVariantGroup;
			children = (
				3D052F96232ADC1E004DCBED /* Base */,
			);
			name = Main.storyboard;
			sourceTree = "<group>";
		};
		3D052F9A232ADC1F004DCBED /* LaunchScreen.storyboard */ = {
			isa = PBXVariantGroup;
			children = (
				3D052F9B232ADC1F004DCBED /* Base */,
			);
			name = LaunchScreen.storyboard;
			sourceTree = "<group>";
		};
/* End PBXVariantGroup section */

/* Begin XCBuildConfiguration section */
		3D052F9E232ADC1F004DCBED /* Debug */ = {
			isa = XCBuildConfiguration;
			buildSettings = {
				ALWAYS_SEARCH_USER_PATHS = NO;
				CLANG_ANALYZER_NONNULL = YES;
				CLANG_ANALYZER_NUMBER_OBJECT_CONVERSION = YES_AGGRESSIVE;
				CLANG_CXX_LANGUAGE_STANDARD = "gnu++14";
				CLANG_CXX_LIBRARY = "libc++";
				CLANG_ENABLE_MODULES = YES;
				CLANG_ENABLE_OBJC_ARC = YES;
				CLANG_ENABLE_OBJC_WEAK = YES;
				CLANG_WARN_BLOCK_CAPTURE_AUTORELEASING = YES;
				CLANG_WARN_BOOL_CONVERSION = YES;
				CLANG_WARN_COMMA = YES;
				CLANG_WARN_CONSTANT_CONVERSION = YES;
				CLANG_WARN_DEPRECATED_OBJC_IMPLEMENTATIONS = YES;
				CLANG_WARN_DIRECT_OBJC_ISA_USAGE = YES_ERROR;
				CLANG_WARN_DOCUMENTATION_COMMENTS = YES;
				CLANG_WARN_EMPTY_BODY = YES;
				CLANG_WARN_ENUM_CONVERSION = YES;
				CLANG_WARN_INFINITE_RECURSION = YES;
				CLANG_WARN_INT_CONVERSION = YES;
				CLANG_WARN_NON_LITERAL_NULL_CONVERSION = YES;
				CLANG_WARN_OBJC_IMPLICIT_RETAIN_SELF = YES;
				CLANG_WARN_OBJC_LITERAL_CONVERSION = YES;
				CLANG_WARN_OBJC_ROOT_CLASS = YES_ERROR;
				CLANG_WARN_RANGE_LOOP_ANALYSIS = YES;
				CLANG_WARN_STRICT_PROTOTYPES = YES;
				CLANG_WARN_SUSPICIOUS_MOVE = YES;
				CLANG_WARN_UNGUARDED_AVAILABILITY = YES_AGGRESSIVE;
				CLANG_WARN_UNREACHABLE_CODE = YES;
				CLANG_WARN__DUPLICATE_METHOD_MATCH = YES;
				CODE_SIGN_IDENTITY = "iPhone Developer";
				COPY_PHASE_STRIP = NO;
				DEBUG_INFORMATION_FORMAT = dwarf;
				ENABLE_STRICT_OBJC_MSGSEND = YES;
				ENABLE_TESTABILITY = YES;
				GCC_C_LANGUAGE_STANDARD = gnu11;
				GCC_DYNAMIC_NO_PIC = NO;
				GCC_NO_COMMON_BLOCKS = YES;
				GCC_OPTIMIZATION_LEVEL = 0;
				GCC_PREPROCESSOR_DEFINITIONS = (
					"DEBUG=1",
					"$(inherited)",
				);
				GCC_WARN_64_TO_32_BIT_CONVERSION = YES;
				GCC_WARN_ABOUT_RETURN_TYPE = YES_ERROR;
				GCC_WARN_UNDECLARED_SELECTOR = YES;
				GCC_WARN_UNINITIALIZED_AUTOS = YES_AGGRESSIVE;
				GCC_WARN_UNUSED_FUNCTION = YES;
				GCC_WARN_UNUSED_VARIABLE = YES;
				IPHONEOS_DEPLOYMENT_TARGET = 12.2;
				MTL_ENABLE_DEBUG_INFO = INCLUDE_SOURCE;
				MTL_FAST_MATH = YES;
				ONLY_ACTIVE_ARCH = YES;
				SDKROOT = iphoneos;
				SWIFT_ACTIVE_COMPILATION_CONDITIONS = DEBUG;
				SWIFT_OPTIMIZATION_LEVEL = "-Onone";
			};
			name = Debug;
		};
		3D052F9F232ADC1F004DCBED /* Release */ = {
			isa = XCBuildConfiguration;
			buildSettings = {
				ALWAYS_SEARCH_USER_PATHS = NO;
				CLANG_ANALYZER_NONNULL = YES;
				CLANG_ANALYZER_NUMBER_OBJECT_CONVERSION = YES_AGGRESSIVE;
				CLANG_CXX_LANGUAGE_STANDARD = "gnu++14";
				CLANG_CXX_LIBRARY = "libc++";
				CLANG_ENABLE_MODULES = YES;
				CLANG_ENABLE_OBJC_ARC = YES;
				CLANG_ENABLE_OBJC_WEAK = YES;
				CLANG_WARN_BLOCK_CAPTURE_AUTORELEASING = YES;
				CLANG_WARN_BOOL_CONVERSION = YES;
				CLANG_WARN_COMMA = YES;
				CLANG_WARN_CONSTANT_CONVERSION = YES;
				CLANG_WARN_DEPRECATED_OBJC_IMPLEMENTATIONS = YES;
				CLANG_WARN_DIRECT_OBJC_ISA_USAGE = YES_ERROR;
				CLANG_WARN_DOCUMENTATION_COMMENTS = YES;
				CLANG_WARN_EMPTY_BODY = YES;
				CLANG_WARN_ENUM_CONVERSION = YES;
				CLANG_WARN_INFINITE_RECURSION = YES;
				CLANG_WARN_INT_CONVERSION = YES;
				CLANG_WARN_NON_LITERAL_NULL_CONVERSION = YES;
				CLANG_WARN_OBJC_IMPLICIT_RETAIN_SELF = YES;
				CLANG_WARN_OBJC_LITERAL_CONVERSION = YES;
				CLANG_WARN_OBJC_ROOT_CLASS = YES_ERROR;
				CLANG_WARN_RANGE_LOOP_ANALYSIS = YES;
				CLANG_WARN_STRICT_PROTOTYPES = YES;
				CLANG_WARN_SUSPICIOUS_MOVE = YES;
				CLANG_WARN_UNGUARDED_AVAILABILITY = YES_AGGRESSIVE;
				CLANG_WARN_UNREACHABLE_CODE = YES;
				CLANG_WARN__DUPLICATE_METHOD_MATCH = YES;
				CODE_SIGN_IDENTITY = "iPhone Developer";
				COPY_PHASE_STRIP = NO;
				DEBUG_INFORMATION_FORMAT = "dwarf-with-dsym";
				ENABLE_NS_ASSERTIONS = NO;
				ENABLE_STRICT_OBJC_MSGSEND = YES;
				GCC_C_LANGUAGE_STANDARD = gnu11;
				GCC_NO_COMMON_BLOCKS = YES;
				GCC_WARN_64_TO_32_BIT_CONVERSION = YES;
				GCC_WARN_ABOUT_RETURN_TYPE = YES_ERROR;
				GCC_WARN_UNDECLARED_SELECTOR = YES;
				GCC_WARN_UNINITIALIZED_AUTOS = YES_AGGRESSIVE;
				GCC_WARN_UNUSED_FUNCTION = YES;
				GCC_WARN_UNUSED_VARIABLE = YES;
				IPHONEOS_DEPLOYMENT_TARGET = 12.2;
				MTL_ENABLE_DEBUG_INFO = NO;
				MTL_FAST_MATH = YES;
				SDKROOT = iphoneos;
				SWIFT_COMPILATION_MODE = wholemodule;
				SWIFT_OPTIMIZATION_LEVEL = "-O";
				VALIDATE_PRODUCT = YES;
			};
			name = Release;
		};
		3D052FA1232ADC1F004DCBED /* Debug */ = {
			isa = XCBuildConfiguration;
			buildSettings = {
				ASSETCATALOG_COMPILER_APPICON_NAME = AppIcon;
				CODE_SIGN_STYLE = Automatic;
				DEVELOPMENT_TEAM = "";
				INFOPLIST_FILE = "State Machine ChildViewControllers/Info.plist";
				LD_RUNPATH_SEARCH_PATHS = (
					"$(inherited)",
					"@executable_path/Frameworks",
				);
				PRODUCT_BUNDLE_IDENTIFIER = "bft.State-Machine-ChildViewControllers";
				PRODUCT_NAME = "$(TARGET_NAME)";
				SWIFT_VERSION = 5.0;
				TARGETED_DEVICE_FAMILY = "1,2";
			};
			name = Debug;
		};
		3D052FA2232ADC1F004DCBED /* Release */ = {
			isa = XCBuildConfiguration;
			buildSettings = {
				ASSETCATALOG_COMPILER_APPICON_NAME = AppIcon;
				CODE_SIGN_STYLE = Automatic;
				DEVELOPMENT_TEAM = "";
				INFOPLIST_FILE = "State Machine ChildViewControllers/Info.plist";
				LD_RUNPATH_SEARCH_PATHS = (
					"$(inherited)",
					"@executable_path/Frameworks",
				);
				PRODUCT_BUNDLE_IDENTIFIER = "bft.State-Machine-ChildViewControllers";
				PRODUCT_NAME = "$(TARGET_NAME)";
				SWIFT_VERSION = 5.0;
				TARGETED_DEVICE_FAMILY = "1,2";
			};
			name = Release;
		};
/* End XCBuildConfiguration section */

/* Begin XCConfigurationList section */
		3D052F89232ADC1E004DCBED /* Build configuration list for PBXProject "State Machine ChildViewControllers" */ = {
			isa = XCConfigurationList;
			buildConfigurations = (
				3D052F9E232ADC1F004DCBED /* Debug */,
				3D052F9F232ADC1F004DCBED /* Release */,
			);
			defaultConfigurationIsVisible = 0;
			defaultConfigurationName = Release;
		};
		3D052FA0232ADC1F004DCBED /* Build configuration list for PBXNativeTarget "State Machine ChildViewControllers" */ = {
			isa = XCConfigurationList;
			buildConfigurations = (
				3D052FA1232ADC1F004DCBED /* Debug */,
				3D052FA2232ADC1F004DCBED /* Release */,
			);
			defaultConfigurationIsVisible = 0;
			defaultConfigurationName = Release;
		};
/* End XCConfigurationList section */
	};
	rootObject = 3D052F86232ADC1E004DCBED /* Project object */;
}
